
Microsoft Visual Studio Solution File, Format Version 12.00
# Visual Studio Version 17
VisualStudioVersion = 17.6.33712.159
MinimumVisualStudioVersion = 10.0.40219.1
Project("{00D1A9C2-B5F0-4AF3-8072-F6C62B433612}") = "ATMLibrary", "ATMLibrary\ATMLibrary.sqlproj", "{4483B524-3B93-4112-BB8C-7686EB9EA44B}"
EndProject
Global
	GlobalSection(SolutionConfigurationPlatforms) = preSolution
		Debug|Any CPU = Debug|Any CPU
		Release|Any CPU = Release|Any CPU
	EndGlobalSection
	GlobalSection(ProjectConfigurationPlatforms) = postSolution
		{4483B524-3B93-4112-BB8C-7686EB9EA44B}.Debug|Any CPU.ActiveCfg = Debug|Any CPU
		{4483B524-3B93-4112-BB8C-7686EB9EA44B}.Debug|Any CPU.Build.0 = Debug|Any CPU
		{4483B524-3B93-4112-BB8C-7686EB9EA44B}.Debug|Any CPU.Deploy.0 = Debug|Any CPU
		{4483B524-3B93-4112-BB8C-7686EB9EA44B}.Release|Any CPU.ActiveCfg = Release|Any CPU
		{4483B524-3B93-4112-BB8C-7686EB9EA44B}.Release|Any CPU.Build.0 = Release|Any CPU
		{4483B524-3B93-4112-BB8C-7686EB9EA44B}.Release|Any CPU.Deploy.0 = Release|Any CPU
	EndGlobalSection
	GlobalSection(SolutionProperties) = preSolution
		HideSolutionNode = FALSE
	EndGlobalSection
	GlobalSection(ExtensibilityGlobals) = postSolution
		SolutionGuid = {538EF462-51A5-4758-9A59-71B10E977184}
	EndGlobalSection
EndGlobal
