
Microsoft Visual Studio Solution File, Format Version 12.00
# Visual Studio Version 17
VisualStudioVersion = 17.4.33213.308
MinimumVisualStudioVersion = 10.0.40219.1
Project("{8BC9CEB8-8B4A-11D0-8D11-00A0C91BC942}") = "ATMLibrary", "demo_db.vcxproj", "{2CC50863-38D8-4CE6-A4E8-55E14C20E03A}"
EndProject
Project("{00D1A9C2-B5F0-4AF3-8072-F6C62B433612}") = "ATMLibrary", "..\ATMLibrary\ATMLibrary\ATMLibrary.sqlproj", "{4483B524-3B93-4112-BB8C-7686EB9EA44B}"
EndProject
Global
	GlobalSection(SolutionConfigurationPlatforms) = preSolution
		Debug|Any CPU = Debug|Any CPU
		Debug|x64 = Debug|x64
		Debug|x86 = Debug|x86
		Release|Any CPU = Release|Any CPU
		Release|x64 = Release|x64
		Release|x86 = Release|x86
	EndGlobalSection
	GlobalSection(ProjectConfigurationPlatforms) = postSolution
		{2CC50863-38D8-4CE6-A4E8-55E14C20E03A}.Debug|Any CPU.ActiveCfg = Debug|x64
		{2CC50863-38D8-4CE6-A4E8-55E14C20E03A}.Debug|Any CPU.Build.0 = Debug|x64
		{2CC50863-38D8-4CE6-A4E8-55E14C20E03A}.Debug|x64.ActiveCfg = Debug|x64
		{2CC50863-38D8-4CE6-A4E8-55E14C20E03A}.Debug|x64.Build.0 = Debug|x64
		{2CC50863-38D8-4CE6-A4E8-55E14C20E03A}.Debug|x86.ActiveCfg = Debug|Win32
		{2CC50863-38D8-4CE6-A4E8-55E14C20E03A}.Debug|x86.Build.0 = Debug|Win32
		{2CC50863-38D8-4CE6-A4E8-55E14C20E03A}.Release|Any CPU.ActiveCfg = Release|x64
		{2CC50863-38D8-4CE6-A4E8-55E14C20E03A}.Release|Any CPU.Build.0 = Release|x64
		{2CC50863-38D8-4CE6-A4E8-55E14C20E03A}.Release|x64.ActiveCfg = Release|x64
		{2CC50863-38D8-4CE6-A4E8-55E14C20E03A}.Release|x64.Build.0 = Release|x64
		{2CC50863-38D8-4CE6-A4E8-55E14C20E03A}.Release|x86.ActiveCfg = Release|Win32
		{2CC50863-38D8-4CE6-A4E8-55E14C20E03A}.Release|x86.Build.0 = Release|Win32
		{4483B524-3B93-4112-BB8C-7686EB9EA44B}.Debug|Any CPU.ActiveCfg = Debug|Any CPU
		{4483B524-3B93-4112-BB8C-7686EB9EA44B}.Debug|Any CPU.Build.0 = Debug|Any CPU
		{4483B524-3B93-4112-BB8C-7686EB9EA44B}.Debug|Any CPU.Deploy.0 = Debug|Any CPU
		{4483B524-3B93-4112-BB8C-7686EB9EA44B}.Debug|x64.ActiveCfg = Debug|Any CPU
		{4483B524-3B93-4112-BB8C-7686EB9EA44B}.Debug|x64.Build.0 = Debug|Any CPU
		{4483B524-3B93-4112-BB8C-7686EB9EA44B}.Debug|x64.Deploy.0 = Debug|Any CPU
		{4483B524-3B93-4112-BB8C-7686EB9EA44B}.Debug|x86.ActiveCfg = Debug|Any CPU
		{4483B524-3B93-4112-BB8C-7686EB9EA44B}.Debug|x86.Build.0 = Debug|Any CPU
		{4483B524-3B93-4112-BB8C-7686EB9EA44B}.Debug|x86.Deploy.0 = Debug|Any CPU
		{4483B524-3B93-4112-BB8C-7686EB9EA44B}.Release|Any CPU.ActiveCfg = Release|Any CPU
		{4483B524-3B93-4112-BB8C-7686EB9EA44B}.Release|Any CPU.Build.0 = Release|Any CPU
		{4483B524-3B93-4112-BB8C-7686EB9EA44B}.Release|Any CPU.Deploy.0 = Release|Any CPU
		{4483B524-3B93-4112-BB8C-7686EB9EA44B}.Release|x64.ActiveCfg = Release|Any CPU
		{4483B524-3B93-4112-BB8C-7686EB9EA44B}.Release|x64.Build.0 = Release|Any CPU
		{4483B524-3B93-4112-BB8C-7686EB9EA44B}.Release|x64.Deploy.0 = Release|Any CPU
		{4483B524-3B93-4112-BB8C-7686EB9EA44B}.Release|x86.ActiveCfg = Release|Any CPU
		{4483B524-3B93-4112-BB8C-7686EB9EA44B}.Release|x86.Build.0 = Release|Any CPU
		{4483B524-3B93-4112-BB8C-7686EB9EA44B}.Release|x86.Deploy.0 = Release|Any CPU
	EndGlobalSection
	GlobalSection(SolutionProperties) = preSolution
		HideSolutionNode = FALSE
	EndGlobalSection
	GlobalSection(ExtensibilityGlobals) = postSolution
		SolutionGuid = {23D2EA23-790E-4295-8255-5C7239BAFC10}
	EndGlobalSection
EndGlobal
